
Microsoft Visual Studio Solution File, Format Version 11.00
# Visual Studio 2010
Project("{FAE04EC0-301F-11D3-BF4B-00C04F79EFBC}") = "3DxMouse_WPF", "3DxMouse_WPF\3DxMouse_WPF.csproj", "{BB067364-9AA9-4180-999C-5EE20102627F}"
EndProject
Global
	GlobalSection(SolutionConfigurationPlatforms) = preSolution
		Debug|Any CPU = Debug|Any CPU
		Release|Any CPU = Release|Any CPU
	EndGlobalSection
	GlobalSection(ProjectConfigurationPlatforms) = postSolution
		{BB067364-9AA9-4180-999C-5EE20102627F}.Debug|Any CPU.ActiveCfg = Debug|Any CPU
		{BB067364-9AA9-4180-999C-5EE20102627F}.Debug|Any CPU.Build.0 = Debug|Any CPU
		{BB067364-9AA9-4180-999C-5EE20102627F}.Release|Any CPU.ActiveCfg = Release|Any CPU
		{BB067364-9AA9-4180-999C-5EE20102627F}.Release|Any CPU.Build.0 = Release|Any CPU
	EndGlobalSection
	GlobalSection(SolutionProperties) = preSolution
		HideSolutionNode = FALSE
	EndGlobalSection
EndGlobal
